<?xml version="1.0" encoding="utf-8"?>
<Project ToolsVersion="4.0" xmlns="http://schemas.microsoft.com/developer/msbuild/2003">
  <ItemGroup>
    <Filter Include="Source Files">
      <UniqueIdentifier>{4FC737F1-C7A5-4376-A066-2A32D752A2FF}</UniqueIdentifier>
      <Extensions>cpp;c;cc;cxx;def;odl;idl;hpj;bat;asm;asmx</Extensions>
    </Filter>
    <Filter Include="Header Files">
      <UniqueIdentifier>{93995380-89BD-4b04-88EB-625FBE52EBFB}</UniqueIdentifier>
      <Extensions>h;hh;hpp;hxx;hm;inl;inc;xsd</Extensions>
    </Filter>
    <Filter Include="Resource Files">
      <UniqueIdentifier>{67DA6AB6-F800-4c08-8B7A-83BB121AAD01}</UniqueIdentifier>
      <Extensions>rc;ico;cur;bmp;dlg;rc2;rct;bin;rgs;gif;jpg;jpeg;jpe;resx;tiff;tif;png;wav</Extensions>
    </Filter>
  </ItemGroup>
  <ItemGroup>
    <ClCompile Include="hackerrank_2\Algebra.cpp">
      <Filter>Source Files</Filter>
    </ClCompile>
    <ClCompile Include="hackerrank_2\CrackingTheCodingInterview.cpp">
      <Filter>Source Files</Filter>
    </ClCompile>
    <ClCompile Include="hackerrank_2\DataStructures.cpp">
      <Filter>Source Files</Filter>
    </ClCompile>
    <ClCompile Include="hackerrank_2\dataWrapper.cpp">
      <Filter>Source Files</Filter>
    </ClCompile>
    <ClCompile Include="hackerrank_2\HackerRank_2.cpp">
      <Filter>Source Files</Filter>
    </ClCompile>
    <ClCompile Include="hackerrank_2\List.cpp">
      <Filter>Source Files</Filter>
    </ClCompile>
    <ClCompile Include="hackerrank_2\Mathematics.cpp">
      <Filter>Source Files</Filter>
    </ClCompile>
    <ClCompile Include="hackerrank_2\Matrix.cpp">
      <Filter>Source Files</Filter>
    </ClCompile>
    <ClCompile Include="hackerrank_2\NumberTheory.cpp">
      <Filter>Source Files</Filter>
    </ClCompile>
    <ClCompile Include="hackerrank_2\Statistics.cpp">
      <Filter>Source Files</Filter>
    </ClCompile>
    <ClCompile Include="hackerrank_2\stdafx.cpp">
      <Filter>Source Files</Filter>
    </ClCompile>
    <ClCompile Include="hackerrank_2\sTestManager.cpp">
      <Filter>Source Files</Filter>
    </ClCompile>
    <ClCompile Include="hackerrank_2\TestManager.cpp">
      <Filter>Source Files</Filter>
    </ClCompile>
    <ClCompile Include="hackerrank_2\ThirtyDaysOfCode.cpp">
      <Filter>Source Files</Filter>
    </ClCompile>
    <ClCompile Include="hackerrank_2\threadSafeSingleton.cpp">
      <Filter>Source Files</Filter>
    </ClCompile>
    <ClCompile Include="hackerrank_2\Trees.cpp">
      <Filter>Source Files</Filter>
    </ClCompile>
    <ClCompile Include="hackerrank_2\Tries.cpp">
      <Filter>Source Files</Filter>
    </ClCompile>
    <ClCompile Include="hackerrank_2\Utilities.cpp">
      <Filter>Source Files</Filter>
    </ClCompile>
  </ItemGroup>
  <ItemGroup>
    <ClInclude Include="hackerrank_2\Algebra.h">
      <Filter>Header Files</Filter>
    </ClInclude>
    <ClInclude Include="hackerrank_2\CrackingTheCodingInterview.h">
      <Filter>Header Files</Filter>
    </ClInclude>
    <ClInclude Include="hackerrank_2\DataStructures.h">
      <Filter>Header Files</Filter>
    </ClInclude>
    <ClInclude Include="hackerrank_2\dataWrapper.h">
      <Filter>Header Files</Filter>
    </ClInclude>
    <ClInclude Include="hackerrank_2\Fitch.h">
      <Filter>Header Files</Filter>
    </ClInclude>
    <ClInclude Include="hackerrank_2\List.h">
      <Filter>Header Files</Filter>
    </ClInclude>
    <ClInclude Include="hackerrank_2\Mathematics.h">
      <Filter>Header Files</Filter>
    </ClInclude>
    <ClInclude Include="hackerrank_2\Matrix.h">
      <Filter>Header Files</Filter>
    </ClInclude>
    <ClInclude Include="hackerrank_2\NumberTheory.h">
      <Filter>Header Files</Filter>
    </ClInclude>
    <ClInclude Include="hackerrank_2\Stacks.h">
      <Filter>Header Files</Filter>
    </ClInclude>
    <ClInclude Include="hackerrank_2\Statistics.h">
      <Filter>Header Files</Filter>
    </ClInclude>
    <ClInclude Include="hackerrank_2\stdafx.h">
      <Filter>Header Files</Filter>
    </ClInclude>
    <ClInclude Include="hackerrank_2\sTestManager.h">
      <Filter>Header Files</Filter>
    </ClInclude>
    <ClInclude Include="hackerrank_2\targetver.h">
      <Filter>Header Files</Filter>
    </ClInclude>
    <ClInclude Include="hackerrank_2\TestManager.h">
      <Filter>Header Files</Filter>
    </ClInclude>
    <ClInclude Include="hackerrank_2\ThirtyDaysOfCode.h">
      <Filter>Header Files</Filter>
    </ClInclude>
    <ClInclude Include="hackerrank_2\threadSafeSingleton.h">
      <Filter>Header Files</Filter>
    </ClInclude>
    <ClInclude Include="hackerrank_2\Trees.h">
      <Filter>Header Files</Filter>
    </ClInclude>
    <ClInclude Include="hackerrank_2\Tries.h">
      <Filter>Header Files</Filter>
    </ClInclude>
    <ClInclude Include="hackerrank_2\Utilities.h">
      <Filter>Header Files</Filter>
    </ClInclude>
  </ItemGroup>
</Project>